{
  "name": "plugin",
  "version": "1.0.0",
  "lockfileVersion": 2,
  "requires": true,
  "packages": {
    "": {
      "version": "1.0.0",
      "license": "ISC",
      "dependencies": {
        "esbuild": "^0.12.18"
      }
    },
    "node_modules/esbuild": {
      "version": "0.12.18",
      "resolved": "https://registry.nlark.com/esbuild/download/esbuild-0.12.18.tgz?cache=0&sync_timestamp=1628141400426&other_urls=https%3A%2F%2Fregistry.nlark.com%2Fesbuild%2Fdownload%2Fesbuild-0.12.18.tgz",
      "integrity": "sha1-5dsWNyGIwrTTlff1X9reJ/ahGfo=",
      "bin": {
        "esbuild": "bin/esbuild"
      }
    }
  },
  "dependencies": {
    "esbuild": {
      "version": "0.12.18",
      "resolved": "https://registry.nlark.com/esbuild/download/esbuild-0.12.18.tgz?cache=0&sync_timestamp=1628141400426&other_urls=https%3A%2F%2Fregistry.nlark.com%2Fesbuild%2Fdownload%2Fesbuild-0.12.18.tgz",
      "integrity": "sha1-5dsWNyGIwrTTlff1X9reJ/ahGfo="
    }
  }
}
