# THIS IS AN AUTOGENERATED FILE. DO NOT EDIT THIS FILE DIRECTLY.
# yarn lockfile v1


"@jest/types@^25.5.0":
  "integrity" "sha1-TWpHk/e5WZ/DaAh3uFapfbzPKp0="
  "resolved" "https://registry.nlark.com/@jest/types/download/@jest/types-25.5.0.tgz"
  "version" "25.5.0"
  dependencies:
    "@types/istanbul-lib-coverage" "^2.0.0"
    "@types/istanbul-reports" "^1.1.1"
    "@types/yargs" "^15.0.0"
    "chalk" "^3.0.0"

"@react-native-community/cli-debugger-ui@^4.13.1":
  "integrity" "sha1-B95tTauA7EkjHeHx+/ZYtK05syw="
  "resolved" "https://registry.nlark.com/@react-native-community/cli-debugger-ui/download/@react-native-community/cli-debugger-ui-4.13.1.tgz"
  "version" "4.13.1"
  dependencies:
    "serve-static" "^1.13.1"

"@react-native-community/cli-server-api@4.13.1":
  "integrity" "sha1-vufulwKvzoSOnWyj3NVmm5mxJb0="
  "resolved" "https://registry.nlark.com/@react-native-community/cli-server-api/download/@react-native-community/cli-server-api-4.13.1.tgz"
  "version" "4.13.1"
  dependencies:
    "@react-native-community/cli-debugger-ui" "^4.13.1"
    "@react-native-community/cli-tools" "^4.13.0"
    "compression" "^1.7.1"
    "connect" "^3.6.5"
    "errorhandler" "^1.5.0"
    "nocache" "^2.1.0"
    "pretty-format" "^25.1.0"
    "serve-static" "^1.13.1"
    "ws" "^1.1.0"

"@react-native-community/cli-tools@^4.13.0":
  "integrity" "sha1-tAZGPTOvFs7cQwWpqSV+0yhFzxs="
  "resolved" "https://registry.nlark.com/@react-native-community/cli-tools/download/@react-native-community/cli-tools-4.13.0.tgz"
  "version" "4.13.0"
  dependencies:
    "chalk" "^3.0.0"
    "lodash" "^4.17.15"
    "mime" "^2.4.1"
    "node-fetch" "^2.6.0"
    "open" "^6.2.0"
    "shell-quote" "1.6.1"

"@types/istanbul-lib-coverage@*", "@types/istanbul-lib-coverage@^2.0.0":
  "integrity" "sha1-S6jdtyAiH0MuRDvV+RF/0iz9R2I="
  "resolved" "https://registry.nlark.com/@types/istanbul-lib-coverage/download/@types/istanbul-lib-coverage-2.0.3.tgz"
  "version" "2.0.3"

"@types/istanbul-lib-report@*":
  "integrity" "sha1-wUwk8Y6oGQwRjudWK3/5mjZVJoY="
  "resolved" "https://registry.nlark.com/@types/istanbul-lib-report/download/@types/istanbul-lib-report-3.0.0.tgz"
  "version" "3.0.0"
  dependencies:
    "@types/istanbul-lib-coverage" "*"

"@types/istanbul-reports@^1.1.1":
  "integrity" "sha1-6HXMaJ5HvOVJ7IHz315vbxHPrrI="
  "resolved" "https://registry.nlark.com/@types/istanbul-reports/download/@types/istanbul-reports-1.1.2.tgz?cache=0&sync_timestamp=1622582274460&other_urls=https%3A%2F%2Fregistry.nlark.com%2F%40types%2Fistanbul-reports%2Fdownload%2F%40types%2Fistanbul-reports-1.1.2.tgz"
  "version" "1.1.2"
  dependencies:
    "@types/istanbul-lib-coverage" "*"
    "@types/istanbul-lib-report" "*"

"@types/node@^14.14.11":
  "integrity" "sha1-uXwFfmE4rbe3IN8r0CZLA8n1BP0="
  "resolved" "https://registry.nlark.com/@types/node/download/@types/node-14.17.9.tgz?cache=0&sync_timestamp=1628211838245&other_urls=https%3A%2F%2Fregistry.nlark.com%2F%40types%2Fnode%2Fdownload%2F%40types%2Fnode-14.17.9.tgz"
  "version" "14.17.9"

"@types/yargs-parser@*":
  "integrity" "sha1-O5ziSJkZ2eT+pDm3aRarw0st8Sk="
  "resolved" "https://registry.nlark.com/@types/yargs-parser/download/@types/yargs-parser-20.2.1.tgz?cache=0&sync_timestamp=1625243778291&other_urls=https%3A%2F%2Fregistry.nlark.com%2F%40types%2Fyargs-parser%2Fdownload%2F%40types%2Fyargs-parser-20.2.1.tgz"
  "version" "20.2.1"

"@types/yargs@^15.0.0":
  "integrity" "sha1-Jtgh3biecEkhYLZtEKDrbfj2+wY="
  "resolved" "https://registry.nlark.com/@types/yargs/download/@types/yargs-15.0.14.tgz?cache=0&sync_timestamp=1625519021073&other_urls=https%3A%2F%2Fregistry.nlark.com%2F%40types%2Fyargs%2Fdownload%2F%40types%2Fyargs-15.0.14.tgz"
  "version" "15.0.14"
  dependencies:
    "@types/yargs-parser" "*"

"accepts@~1.3.5", "accepts@~1.3.7":
  "integrity" "sha1-UxvHJlF6OytB+FACHGzBXqq1B80="
  "resolved" "https://registry.npm.taobao.org/accepts/download/accepts-1.3.7.tgz"
  "version" "1.3.7"
  dependencies:
    "mime-types" "~2.1.24"
    "negotiator" "0.6.2"

"ansi-regex@^5.0.0":
  "integrity" "sha1-OIU59VF5vzkznIGvMKZU1p+Hy3U="
  "resolved" "https://registry.nlark.com/ansi-regex/download/ansi-regex-5.0.0.tgz"
  "version" "5.0.0"

"ansi-styles@^4.0.0", "ansi-styles@^4.1.0":
  "integrity" "sha1-7dgDYornHATIWuegkG7a00tkiTc="
  "resolved" "https://registry.nlark.com/ansi-styles/download/ansi-styles-4.3.0.tgz?cache=0&sync_timestamp=1618995547052&other_urls=https%3A%2F%2Fregistry.nlark.com%2Fansi-styles%2Fdownload%2Fansi-styles-4.3.0.tgz"
  "version" "4.3.0"
  dependencies:
    "color-convert" "^2.0.1"

"array-filter@~0.0.0":
  "integrity" "sha1-fajPLiZijtcygDWB/SH2fKzS7uw="
  "resolved" "https://registry.nlark.com/array-filter/download/array-filter-0.0.1.tgz"
  "version" "0.0.1"

"array-map@~0.0.0":
  "integrity" "sha1-iKK6tz0c97zVwbEYoAP2b2ZfpmI="
  "resolved" "https://registry.npm.taobao.org/array-map/download/array-map-0.0.0.tgz"
  "version" "0.0.0"

"array-reduce@~0.0.0":
  "integrity" "sha1-FziZ0//Rx9k4PkR5Ul2+J4yrXys="
  "resolved" "https://registry.npm.taobao.org/array-reduce/download/array-reduce-0.0.0.tgz"
  "version" "0.0.0"

"buffer-alloc-unsafe@^1.1.0":
  "integrity" "sha1-vX3CauKXLQ7aJTvgYdupkjScGfA="
  "resolved" "https://registry.nlark.com/buffer-alloc-unsafe/download/buffer-alloc-unsafe-1.1.0.tgz"
  "version" "1.1.0"

"buffer-alloc@^1.1.0":
  "integrity" "sha1-iQ3ZDZI6hz4I4Q5f1RpX5bfM4Ow="
  "resolved" "https://registry.npm.taobao.org/buffer-alloc/download/buffer-alloc-1.2.0.tgz"
  "version" "1.2.0"
  dependencies:
    "buffer-alloc-unsafe" "^1.1.0"
    "buffer-fill" "^1.0.0"

"buffer-fill@^1.0.0":
  "integrity" "sha1-+PeLdniYiO858gXNY39o5wISKyw="
  "resolved" "https://registry.nlark.com/buffer-fill/download/buffer-fill-1.0.0.tgz"
  "version" "1.0.0"

"bytes@3.0.0":
  "integrity" "sha1-0ygVQE1olpn4Wk6k+odV3ROpYEg="
  "resolved" "https://registry.npm.taobao.org/bytes/download/bytes-3.0.0.tgz"
  "version" "3.0.0"

"chalk@^3.0.0":
  "integrity" "sha1-P3PCv1JlkfV0zEksUeJFY0n4ROQ="
  "resolved" "https://registry.nlark.com/chalk/download/chalk-3.0.0.tgz?cache=0&sync_timestamp=1627646697260&other_urls=https%3A%2F%2Fregistry.nlark.com%2Fchalk%2Fdownload%2Fchalk-3.0.0.tgz"
  "version" "3.0.0"
  dependencies:
    "ansi-styles" "^4.1.0"
    "supports-color" "^7.1.0"

"color-convert@^2.0.1":
  "integrity" "sha1-ctOmjVmMm9s68q0ehPIdiWq9TeM="
  "resolved" "https://registry.npm.taobao.org/color-convert/download/color-convert-2.0.1.tgz"
  "version" "2.0.1"
  dependencies:
    "color-name" "~1.1.4"

"color-name@~1.1.4":
  "integrity" "sha1-wqCah6y95pVD3m9j+jmVyCbFNqI="
  "resolved" "https://registry.npm.taobao.org/color-name/download/color-name-1.1.4.tgz"
  "version" "1.1.4"

"commander@^8.0.0":
  "integrity" "sha1-2zbj5m7fJP9ZHWOYYsarLFJmQ2I="
  "resolved" "https://registry.nlark.com/commander/download/commander-8.1.0.tgz?cache=0&sync_timestamp=1627358254258&other_urls=https%3A%2F%2Fregistry.nlark.com%2Fcommander%2Fdownload%2Fcommander-8.1.0.tgz"
  "version" "8.1.0"

"compressible@~2.0.16":
  "integrity" "sha1-r1PMprBw1MPAdQ+9dyhqbXzEb7o="
  "resolved" "https://registry.npm.taobao.org/compressible/download/compressible-2.0.18.tgz"
  "version" "2.0.18"
  dependencies:
    "mime-db" ">= 1.43.0 < 2"

"compression@^1.7.1":
  "integrity" "sha1-lVI+/xcMpXwpoMpB5v4TH0Hlu48="
  "resolved" "https://registry.npm.taobao.org/compression/download/compression-1.7.4.tgz"
  "version" "1.7.4"
  dependencies:
    "accepts" "~1.3.5"
    "bytes" "3.0.0"
    "compressible" "~2.0.16"
    "debug" "2.6.9"
    "on-headers" "~1.0.2"
    "safe-buffer" "5.1.2"
    "vary" "~1.1.2"

"connect@^3.6.5":
  "integrity" "sha1-XUk0iRDKpeB6AYALAw0MNfIEhPg="
  "resolved" "https://registry.npm.taobao.org/connect/download/connect-3.7.0.tgz"
  "version" "3.7.0"
  dependencies:
    "debug" "2.6.9"
    "finalhandler" "1.1.2"
    "parseurl" "~1.3.3"
    "utils-merge" "1.0.1"

"debug@2.6.9":
  "integrity" "sha1-XRKFFd8TT/Mn6QpMk/Tgd6U2NB8="
  "resolved" "https://registry.nlark.com/debug/download/debug-2.6.9.tgz"
  "version" "2.6.9"
  dependencies:
    "ms" "2.0.0"

"deepmerge@^4.2.2":
  "integrity" "sha1-RNLqNnm49NT/ujPwPYZfwee/SVU="
  "resolved" "https://registry.nlark.com/deepmerge/download/deepmerge-4.2.2.tgz"
  "version" "4.2.2"

"deno-importmap@^0.1.6":
  "integrity" "sha1-BGVv8SeTAD6vviDD31nqQjdApKY="
  "resolved" "https://registry.nlark.com/deno-importmap/download/deno-importmap-0.1.6.tgz"
  "version" "0.1.6"
  dependencies:
    "@types/node" "^14.14.11"

"depd@~1.1.2":
  "integrity" "sha1-m81S4UwJd2PnSbJ0xDRu0uVgtak="
  "resolved" "https://registry.npm.taobao.org/depd/download/depd-1.1.2.tgz"
  "version" "1.1.2"

"destroy@~1.0.4":
  "integrity" "sha1-l4hXRCxEdJ5CBmE+N5RiBYJqvYA="
  "resolved" "https://registry.nlark.com/destroy/download/destroy-1.0.4.tgz"
  "version" "1.0.4"

"ee-first@1.1.1":
  "integrity" "sha1-WQxhFWsK4vTwJVcyoViyZrxWsh0="
  "resolved" "https://registry.npm.taobao.org/ee-first/download/ee-first-1.1.1.tgz"
  "version" "1.1.1"

"encodeurl@~1.0.2":
  "integrity" "sha1-rT/0yG7C0CkyL1oCw6mmBslbP1k="
  "resolved" "https://registry.npm.taobao.org/encodeurl/download/encodeurl-1.0.2.tgz"
  "version" "1.0.2"

"errorhandler@^1.5.0":
  "integrity" "sha1-ubpdF8+QdEzR6FE1em51v4BqmpE="
  "resolved" "https://registry.npm.taobao.org/errorhandler/download/errorhandler-1.5.1.tgz"
  "version" "1.5.1"
  dependencies:
    "accepts" "~1.3.7"
    "escape-html" "~1.0.3"

"esbuild-plugin-alias@^0.1.2":
  "integrity" "sha1-EjL73oB8DIrUTETshZgZ60kuEqg="
  "resolved" "https://registry.npm.taobao.org/esbuild-plugin-alias/download/esbuild-plugin-alias-0.1.2.tgz"
  "version" "0.1.2"

"esbuild@^0.12.12":
  "integrity" "sha1-5dsWNyGIwrTTlff1X9reJ/ahGfo="
  "resolved" "https://registry.nlark.com/esbuild/download/esbuild-0.12.18.tgz?cache=0&sync_timestamp=1628141400426&other_urls=https%3A%2F%2Fregistry.nlark.com%2Fesbuild%2Fdownload%2Fesbuild-0.12.18.tgz"
  "version" "0.12.18"

"escape-html@~1.0.3":
  "integrity" "sha1-Aljq5NPQwJdN4cFpGI7wBR0dGYg="
  "resolved" "https://registry.npm.taobao.org/escape-html/download/escape-html-1.0.3.tgz"
  "version" "1.0.3"

"etag@~1.8.1":
  "integrity" "sha1-Qa4u62XvpiJorr/qg6x9eSmbCIc="
  "resolved" "https://registry.npm.taobao.org/etag/download/etag-1.8.1.tgz"
  "version" "1.8.1"

"exbuild@^0.2.2":
  "integrity" "sha1-v6XxaL26z6ezhCFJAhQP3tcrRvw="
  "resolved" "https://registry.nlark.com/exbuild/download/exbuild-0.2.2.tgz"
  "version" "0.2.2"
  dependencies:
    "@react-native-community/cli-server-api" "4.13.1"
    "commander" "^8.0.0"
    "deepmerge" "^4.2.2"
    "deno-importmap" "^0.1.6"
    "esbuild" "^0.12.12"
    "esbuild-plugin-alias" "^0.1.2"
    "flow-remove-types" "^2.152.0"
    "image-size" "^1.0.0"
    "md5-file" "^3.2.3"
    "qrcode-terminal" "^0.12.0"

"finalhandler@1.1.2":
  "integrity" "sha1-t+fQAP/RGTjQ/bBTUG9uur6fWH0="
  "resolved" "https://registry.npm.taobao.org/finalhandler/download/finalhandler-1.1.2.tgz"
  "version" "1.1.2"
  dependencies:
    "debug" "2.6.9"
    "encodeurl" "~1.0.2"
    "escape-html" "~1.0.3"
    "on-finished" "~2.3.0"
    "parseurl" "~1.3.3"
    "statuses" "~1.5.0"
    "unpipe" "~1.0.0"

"flow-parser@^0.157.0":
  "integrity" "sha1-jvCnSKg4pQWCCjCZaQRydX05WBw="
  "resolved" "https://registry.nlark.com/flow-parser/download/flow-parser-0.157.0.tgz"
  "version" "0.157.0"

"flow-remove-types@^2.152.0":
  "integrity" "sha1-RQkZ5vxnDvHHlqJR67jTZCwETuk="
  "resolved" "https://registry.nlark.com/flow-remove-types/download/flow-remove-types-2.157.0.tgz"
  "version" "2.157.0"
  dependencies:
    "flow-parser" "^0.157.0"
    "pirates" "^3.0.2"
    "vlq" "^0.2.1"

"fresh@0.5.2":
  "integrity" "sha1-PYyt2Q2XZWn6g1qx+OSyOhBWBac="
  "resolved" "https://registry.npm.taobao.org/fresh/download/fresh-0.5.2.tgz"
  "version" "0.5.2"

"has-flag@^4.0.0":
  "integrity" "sha1-lEdx/ZyByBJlxNaUGGDaBrtZR5s="
  "resolved" "https://registry.nlark.com/has-flag/download/has-flag-4.0.0.tgz"
  "version" "4.0.0"

"http-errors@~1.7.2":
  "integrity" "sha1-bGGeT5xgMIw4UZSYwU+7EKrOuwY="
  "resolved" "https://registry.npm.taobao.org/http-errors/download/http-errors-1.7.3.tgz"
  "version" "1.7.3"
  dependencies:
    "depd" "~1.1.2"
    "inherits" "2.0.4"
    "setprototypeof" "1.1.1"
    "statuses" ">= 1.5.0 < 2"
    "toidentifier" "1.0.0"

"image-size@^1.0.0":
  "integrity" "sha1-WLMf5HQ7HOwKCsJvXJFNPFsvB1A="
  "resolved" "https://registry.nlark.com/image-size/download/image-size-1.0.0.tgz"
  "version" "1.0.0"
  dependencies:
    "queue" "6.0.2"

"inherits@~2.0.3", "inherits@2.0.4":
  "integrity" "sha1-D6LGT5MpF8NDOg3tVTY6rjdBa3w="
  "resolved" "https://registry.npm.taobao.org/inherits/download/inherits-2.0.4.tgz"
  "version" "2.0.4"

"is-wsl@^1.1.0":
  "integrity" "sha1-HxbkqiKwTRM2tmGIpmrzxgDDpm0="
  "resolved" "https://registry.npm.taobao.org/is-wsl/download/is-wsl-1.1.0.tgz?cache=0&sync_timestamp=1592843177178&other_urls=https%3A%2F%2Fregistry.npm.taobao.org%2Fis-wsl%2Fdownload%2Fis-wsl-1.1.0.tgz"
  "version" "1.1.0"

"js-tokens@^3.0.0 || ^4.0.0":
  "integrity" "sha1-GSA/tZmR35jjoocFDUZHzerzJJk="
  "resolved" "https://registry.nlark.com/js-tokens/download/js-tokens-4.0.0.tgz"
  "version" "4.0.0"

"jsonify@~0.0.0":
  "integrity" "sha1-LHS27kHZPKUbe1qu6PUDYx0lKnM="
  "resolved" "https://registry.npm.taobao.org/jsonify/download/jsonify-0.0.0.tgz"
  "version" "0.0.0"

"lodash@^4.17.15":
  "integrity" "sha1-Z5WRxWTDv/quhFTPCz3zcMPWkRw="
  "resolved" "https://registry.npm.taobao.org/lodash/download/lodash-4.17.21.tgz"
  "version" "4.17.21"

"loose-envify@^1.1.0":
  "integrity" "sha1-ce5R+nvkyuwaY4OffmgtgTLTDK8="
  "resolved" "https://registry.npm.taobao.org/loose-envify/download/loose-envify-1.4.0.tgz"
  "version" "1.4.0"
  dependencies:
    "js-tokens" "^3.0.0 || ^4.0.0"

"md5-file@^3.2.3":
  "integrity" "sha1-+bzrlB7KIhSkwHJ/XnADFOdw8G8="
  "resolved" "https://registry.npm.taobao.org/md5-file/download/md5-file-3.2.3.tgz"
  "version" "3.2.3"
  dependencies:
    "buffer-alloc" "^1.1.0"

"mime-db@>= 1.43.0 < 2", "mime-db@1.49.0":
  "integrity" "sha1-89/eYMmenPO8lwHWh3ePU3ABy+0="
  "resolved" "https://registry.nlark.com/mime-db/download/mime-db-1.49.0.tgz"
  "version" "1.49.0"

"mime-types@~2.1.24":
  "integrity" "sha1-HQDonn3n/gIAjbYQAdngKFJnD9U="
  "resolved" "https://registry.nlark.com/mime-types/download/mime-types-2.1.32.tgz?cache=0&sync_timestamp=1627407652875&other_urls=https%3A%2F%2Fregistry.nlark.com%2Fmime-types%2Fdownload%2Fmime-types-2.1.32.tgz"
  "version" "2.1.32"
  dependencies:
    "mime-db" "1.49.0"

"mime@^2.4.1":
  "integrity" "sha1-bj3GzCuVEGQ4MOXxnVy3U9pe6r4="
  "resolved" "https://registry.npm.taobao.org/mime/download/mime-2.5.2.tgz?cache=0&sync_timestamp=1613584754851&other_urls=https%3A%2F%2Fregistry.npm.taobao.org%2Fmime%2Fdownload%2Fmime-2.5.2.tgz"
  "version" "2.5.2"

"mime@1.6.0":
  "integrity" "sha1-Ms2eXGRVO9WNGaVor0Uqz/BJgbE="
  "resolved" "https://registry.npm.taobao.org/mime/download/mime-1.6.0.tgz?cache=0&sync_timestamp=1613584754851&other_urls=https%3A%2F%2Fregistry.npm.taobao.org%2Fmime%2Fdownload%2Fmime-1.6.0.tgz"
  "version" "1.6.0"

"ms@2.0.0":
  "integrity" "sha1-VgiurfwAvmwpAd9fmGF4jeDVl8g="
  "resolved" "https://registry.npm.taobao.org/ms/download/ms-2.0.0.tgz"
  "version" "2.0.0"

"ms@2.1.1":
  "integrity" "sha1-MKWGTrPrsKZvLr5tcnrwagnYbgo="
  "resolved" "https://registry.npm.taobao.org/ms/download/ms-2.1.1.tgz"
  "version" "2.1.1"

"negotiator@0.6.2":
  "integrity" "sha1-/qz3zPUlp3rpY0Q2pkiD/+yjRvs="
  "resolved" "https://registry.npm.taobao.org/negotiator/download/negotiator-0.6.2.tgz"
  "version" "0.6.2"

"nocache@^2.1.0":
  "integrity" "sha1-Egyf/sQ7Vymx1d6IzXGqdaC6SR8="
  "resolved" "https://registry.nlark.com/nocache/download/nocache-2.1.0.tgz?cache=0&sync_timestamp=1624370115279&other_urls=https%3A%2F%2Fregistry.nlark.com%2Fnocache%2Fdownload%2Fnocache-2.1.0.tgz"
  "version" "2.1.0"

"node-fetch@^2.6.0":
  "integrity" "sha1-BFvTI2Mfdu0uK1VXM5RBa2OaAFI="
  "resolved" "https://registry.nlark.com/node-fetch/download/node-fetch-2.6.1.tgz?cache=0&sync_timestamp=1626684812087&other_urls=https%3A%2F%2Fregistry.nlark.com%2Fnode-fetch%2Fdownload%2Fnode-fetch-2.6.1.tgz"
  "version" "2.6.1"

"node-modules-regexp@^1.0.0":
  "integrity" "sha1-jZ2+KJZKSsVxLpExZCEHxx6Q7EA="
  "resolved" "https://registry.npm.taobao.org/node-modules-regexp/download/node-modules-regexp-1.0.0.tgz"
  "version" "1.0.0"

"object-assign@^4.1.1":
  "integrity" "sha1-IQmtx5ZYh8/AXLvUQsrIv7s2CGM="
  "resolved" "https://registry.npm.taobao.org/object-assign/download/object-assign-4.1.1.tgz?cache=0&sync_timestamp=1587903560642&other_urls=https%3A%2F%2Fregistry.npm.taobao.org%2Fobject-assign%2Fdownload%2Fobject-assign-4.1.1.tgz"
  "version" "4.1.1"

"on-finished@~2.3.0":
  "integrity" "sha1-IPEzZIGwg811M3mSoWlxqi2QaUc="
  "resolved" "https://registry.npm.taobao.org/on-finished/download/on-finished-2.3.0.tgz"
  "version" "2.3.0"
  dependencies:
    "ee-first" "1.1.1"

"on-headers@~1.0.2":
  "integrity" "sha1-dysK5qqlJcOZ5Imt+tkMQD6zwo8="
  "resolved" "https://registry.npm.taobao.org/on-headers/download/on-headers-1.0.2.tgz"
  "version" "1.0.2"

"open@^6.2.0":
  "integrity" "sha1-XBPpbQ3IlGhhZPGJZez+iJ7PyKk="
  "resolved" "https://registry.nlark.com/open/download/open-6.4.0.tgz"
  "version" "6.4.0"
  dependencies:
    "is-wsl" "^1.1.0"

"options@>=0.0.5":
  "integrity" "sha1-7CLTEoBrtT5zF3Pnza788cZDEo8="
  "resolved" "https://registry.npm.taobao.org/options/download/options-0.0.6.tgz"
  "version" "0.0.6"

"parseurl@~1.3.3":
  "integrity" "sha1-naGee+6NEt/wUT7Vt2lXeTvC6NQ="
  "resolved" "https://registry.npm.taobao.org/parseurl/download/parseurl-1.3.3.tgz"
  "version" "1.3.3"

"pirates@^3.0.2":
  "integrity" "sha1-fm+FQT/ZFhq04StTmwYBDYWVS7k="
  "resolved" "https://registry.npm.taobao.org/pirates/download/pirates-3.0.2.tgz"
  "version" "3.0.2"
  dependencies:
    "node-modules-regexp" "^1.0.0"

"pretty-format@^25.1.0":
  "integrity" "sha1-eHPB13T2gsNLjUi2dDor8qxVeRo="
  "resolved" "https://registry.nlark.com/pretty-format/download/pretty-format-25.5.0.tgz"
  "version" "25.5.0"
  dependencies:
    "@jest/types" "^25.5.0"
    "ansi-regex" "^5.0.0"
    "ansi-styles" "^4.0.0"
    "react-is" "^16.12.0"

"qrcode-terminal@^0.12.0":
  "integrity" "sha1-u1tpnvf58FBQkqN0i+RGT+cbWBk="
  "resolved" "https://registry.npm.taobao.org/qrcode-terminal/download/qrcode-terminal-0.12.0.tgz"
  "version" "0.12.0"

"queue@6.0.2":
  "integrity" "sha1-uRUlKD4jFcdVPS76GNg+dkMv7WU="
  "resolved" "https://registry.npm.taobao.org/queue/download/queue-6.0.2.tgz"
  "version" "6.0.2"
  dependencies:
    "inherits" "~2.0.3"

"range-parser@~1.2.1":
  "integrity" "sha1-PPNwI9GZ4cJNGlW4SADC8+ZGgDE="
  "resolved" "https://registry.npm.taobao.org/range-parser/download/range-parser-1.2.1.tgz"
  "version" "1.2.1"

"react-dom@^17.0.2":
  "integrity" "sha1-7P+2hF462Nv83EmPDQqTlzZQLCM="
  "resolved" "https://registry.nlark.com/react-dom/download/react-dom-17.0.2.tgz"
  "version" "17.0.2"
  dependencies:
    "loose-envify" "^1.1.0"
    "object-assign" "^4.1.1"
    "scheduler" "^0.20.2"

"react-is@^16.12.0":
  "integrity" "sha1-eJcppNw23imZ3BVt1sHZwYzqVqQ="
  "resolved" "https://registry.nlark.com/react-is/download/react-is-16.13.1.tgz"
  "version" "16.13.1"

"react@^17.0.2", "react@17.0.2":
  "integrity" "sha1-0LXMUW0p6z7uOD91tihkz7aAADc="
  "resolved" "https://registry.nlark.com/react/download/react-17.0.2.tgz"
  "version" "17.0.2"
  dependencies:
    "loose-envify" "^1.1.0"
    "object-assign" "^4.1.1"

"safe-buffer@5.1.2":
  "integrity" "sha1-mR7GnSluAxN0fVm9/St0XDX4go0="
  "resolved" "https://registry.npm.taobao.org/safe-buffer/download/safe-buffer-5.1.2.tgz?cache=0&sync_timestamp=1589129103371&other_urls=https%3A%2F%2Fregistry.npm.taobao.org%2Fsafe-buffer%2Fdownload%2Fsafe-buffer-5.1.2.tgz"
  "version" "5.1.2"

"scheduler@^0.20.2":
  "integrity" "sha1-S67jlDbjSqk7SHS93L8P6Li1DpE="
  "resolved" "https://registry.nlark.com/scheduler/download/scheduler-0.20.2.tgz?cache=0&sync_timestamp=1628266861309&other_urls=https%3A%2F%2Fregistry.nlark.com%2Fscheduler%2Fdownload%2Fscheduler-0.20.2.tgz"
  "version" "0.20.2"
  dependencies:
    "loose-envify" "^1.1.0"
    "object-assign" "^4.1.1"

"send@0.17.1":
  "integrity" "sha1-wdiwWfeQD3Rm3Uk4vcROEd2zdsg="
  "resolved" "https://registry.npm.taobao.org/send/download/send-0.17.1.tgz"
  "version" "0.17.1"
  dependencies:
    "debug" "2.6.9"
    "depd" "~1.1.2"
    "destroy" "~1.0.4"
    "encodeurl" "~1.0.2"
    "escape-html" "~1.0.3"
    "etag" "~1.8.1"
    "fresh" "0.5.2"
    "http-errors" "~1.7.2"
    "mime" "1.6.0"
    "ms" "2.1.1"
    "on-finished" "~2.3.0"
    "range-parser" "~1.2.1"
    "statuses" "~1.5.0"

"serve-static@^1.13.1":
  "integrity" "sha1-Zm5jbcTwEPfvKZcKiKZ0MgiYsvk="
  "resolved" "https://registry.npm.taobao.org/serve-static/download/serve-static-1.14.1.tgz"
  "version" "1.14.1"
  dependencies:
    "encodeurl" "~1.0.2"
    "escape-html" "~1.0.3"
    "parseurl" "~1.3.3"
    "send" "0.17.1"

"setprototypeof@1.1.1":
  "integrity" "sha1-fpWsskqpL1iF4KvvW6ExMw1K5oM="
  "resolved" "https://registry.npm.taobao.org/setprototypeof/download/setprototypeof-1.1.1.tgz"
  "version" "1.1.1"

"shell-quote@1.6.1":
  "integrity" "sha1-9HgZSczkAmlxJ0MOo7PFR29IF2c="
  "resolved" "https://registry.npm.taobao.org/shell-quote/download/shell-quote-1.6.1.tgz"
  "version" "1.6.1"
  dependencies:
    "array-filter" "~0.0.0"
    "array-map" "~0.0.0"
    "array-reduce" "~0.0.0"
    "jsonify" "~0.0.0"

"statuses@>= 1.5.0 < 2", "statuses@~1.5.0":
  "integrity" "sha1-Fhx9rBd2Wf2YEfQ3cfqZOBR4Yow="
  "resolved" "https://registry.npm.taobao.org/statuses/download/statuses-1.5.0.tgz?cache=0&sync_timestamp=1609654090567&other_urls=https%3A%2F%2Fregistry.npm.taobao.org%2Fstatuses%2Fdownload%2Fstatuses-1.5.0.tgz"
  "version" "1.5.0"

"supports-color@^7.1.0":
  "integrity" "sha1-G33NyzK4E4gBs+R4umpRyqiWSNo="
  "resolved" "https://registry.nlark.com/supports-color/download/supports-color-7.2.0.tgz"
  "version" "7.2.0"
  dependencies:
    "has-flag" "^4.0.0"

"toidentifier@1.0.0":
  "integrity" "sha1-fhvjRw8ed5SLxD2Uo8j013UrpVM="
  "resolved" "https://registry.npm.taobao.org/toidentifier/download/toidentifier-1.0.0.tgz"
  "version" "1.0.0"

"ultron@1.0.x":
  "integrity" "sha1-rOEWq1V80Zc4ak6I9GhTeMiy5Po="
  "resolved" "https://registry.npm.taobao.org/ultron/download/ultron-1.0.2.tgz"
  "version" "1.0.2"

"unpipe@~1.0.0":
  "integrity" "sha1-sr9O6FFKrmFltIF4KdIbLvSZBOw="
  "resolved" "https://registry.npm.taobao.org/unpipe/download/unpipe-1.0.0.tgz"
  "version" "1.0.0"

"utils-merge@1.0.1":
  "integrity" "sha1-n5VxD1CiZ5R7LMwSR0HBAoQn5xM="
  "resolved" "https://registry.nlark.com/utils-merge/download/utils-merge-1.0.1.tgz"
  "version" "1.0.1"

"vary@~1.1.2":
  "integrity" "sha1-IpnwLG3tMNSllhsLn3RSShj2NPw="
  "resolved" "https://registry.npm.taobao.org/vary/download/vary-1.1.2.tgz"
  "version" "1.1.2"

"vlq@^0.2.1":
  "integrity" "sha1-jz5DKM9jsVQMDWfhsneDhviXWyY="
  "resolved" "https://registry.npm.taobao.org/vlq/download/vlq-0.2.3.tgz"
  "version" "0.2.3"

"ws@^1.1.0":
  "integrity" "sha1-y9nm514J/F0skAFfIfDECHXg3VE="
  "resolved" "https://registry.nlark.com/ws/download/ws-1.1.5.tgz?cache=0&sync_timestamp=1627496047134&other_urls=https%3A%2F%2Fregistry.nlark.com%2Fws%2Fdownload%2Fws-1.1.5.tgz"
  "version" "1.1.5"
  dependencies:
    "options" ">=0.0.5"
    "ultron" "1.0.x"
